
Microsoft Visual Studio Solution File, Format Version 12.00
# Visual Studio Version 16
VisualStudioVersion = 16.0.30204.135
MinimumVisualStudioVersion = 10.0.40219.1
Project("{FAE04EC0-301F-11D3-BF4B-00C04F79EFBC}") = "doan_1", "doan_1.csproj", "{940CE802-9754-45ED-B64C-A52C4CDF826D}"
EndProject
Project("{FAE04EC0-301F-11D3-BF4B-00C04F79EFBC}") = "Common", "..\Common\Common.csproj", "{9705BB2C-2FE2-420E-96F1-2D9BE5EE9A2E}"
EndProject
Global
	GlobalSection(SolutionConfigurationPlatforms) = preSolution
		Debug|Any CPU = Debug|Any CPU
		Release|Any CPU = Release|Any CPU
	EndGlobalSection
	GlobalSection(ProjectConfigurationPlatforms) = postSolution
		{940CE802-9754-45ED-B64C-A52C4CDF826D}.Debug|Any CPU.ActiveCfg = Debug|Any CPU
		{940CE802-9754-45ED-B64C-A52C4CDF826D}.Debug|Any CPU.Build.0 = Debug|Any CPU
		{940CE802-9754-45ED-B64C-A52C4CDF826D}.Release|Any CPU.ActiveCfg = Release|Any CPU
		{940CE802-9754-45ED-B64C-A52C4CDF826D}.Release|Any CPU.Build.0 = Release|Any CPU
		{9705BB2C-2FE2-420E-96F1-2D9BE5EE9A2E}.Debug|Any CPU.ActiveCfg = Debug|Any CPU
		{9705BB2C-2FE2-420E-96F1-2D9BE5EE9A2E}.Debug|Any CPU.Build.0 = Debug|Any CPU
		{9705BB2C-2FE2-420E-96F1-2D9BE5EE9A2E}.Release|Any CPU.ActiveCfg = Release|Any CPU
		{9705BB2C-2FE2-420E-96F1-2D9BE5EE9A2E}.Release|Any CPU.Build.0 = Release|Any CPU
	EndGlobalSection
	GlobalSection(SolutionProperties) = preSolution
		HideSolutionNode = FALSE
	EndGlobalSection
	GlobalSection(ExtensibilityGlobals) = postSolution
		SolutionGuid = {61784680-E1BA-4BAC-AEF5-72EAECE64E91}
	EndGlobalSection
EndGlobal
